// !$*UTF8*$!
{
	archiveVersion = 1;
	classes = {
	};
	objectVersion = 55;
	objects = {

/* Begin PBXBuildFile section */
		B8A885B327FED2EC00D78644 /* AppDelegate.m in Sources */ = {isa = PBXBuildFile; fileRef = B8A885B227FED2EC00D78644 /* AppDelegate.m */; };
		B8A885B627FED2EC00D78644 /* SceneDelegate.m in Sources */ = {isa = PBXBuildFile; fileRef = B8A885B527FED2EC00D78644 /* SceneDelegate.m */; };
		B8A885B927FED2EC00D78644 /* ViewController.m in Sources */ = {isa = PBXBuildFile; fileRef = B8A885B827FED2EC00D78644 /* ViewController.m */; };
		B8A885BC27FED2EC00D78644 /* Main.storyboard in Resources */ = {isa = PBXBuildFile; fileRef = B8A885BA27FED2EC00D78644 /* Main.storyboard */; };
		B8A885BE27FED2F200D78644 /* Assets.xcassets in Resources */ = {isa = PBXBuildFile; fileRef = B8A885BD27FED2F200D78644 /* Assets.xcassets */; };
		B8A885C127FED2F200D78644 /* LaunchScreen.storyboard in Resources */ = {isa = PBXBuildFile; fileRef = B8A885BF27FED2F200D78644 /* LaunchScreen.storyboard */; };
		B8A885C427FED2F200D78644 /* main.m in Sources */ = {isa = PBXBuildFile; fileRef = B8A885C327FED2F200D78644 /* main.m */; };
		B8A885CE27FED2F300D78644 /* ___Tests.m in Sources */ = {isa = PBXBuildFile; fileRef = B8A885CD27FED2F300D78644 /* ___Tests.m */; };
		B8A885D827FED2F300D78644 /* ___UITests.m in Sources */ = {isa = PBXBuildFile; fileRef = B8A885D727FED2F300D78644 /* ___UITests.m */; };
		B8A885DA27FED2F300D78644 /* ___UITestsLaunchTests.m in Sources */ = {isa = PBXBuildFile; fileRef = B8A885D927FED2F300D78644 /* ___UITestsLaunchTests.m */; };
/* End PBXBuildFile section */

/* Begin PBXContainerItemProxy section */
		B8A885CA27FED2F300D78644 /* PBXContainerItemProxy */ = {
			isa = PBXContainerItemProxy;
			containerPortal = B8A885A627FED2EC00D78644 /* Project object */;
			proxyType = 1;
			remoteGlobalIDString = B8A885AD27FED2EC00D78644;
			remoteInfo = "队列组";
		};
		B8A885D427FED2F300D78644 /* PBXContainerItemProxy */ = {
			isa = PBXContainerItemProxy;
			containerPortal = B8A885A627FED2EC00D78644 /* Project object */;
			proxyType = 1;
			remoteGlobalIDString = B8A885AD27FED2EC00D78644;
			remoteInfo = "队列组";
		};
/* End PBXContainerItemProxy section */

/* Begin PBXFileReference section */
		B8A885AE27FED2EC00D78644 /* 队列组.app */ = {isa = PBXFileReference; explicitFileType = wrapper.application; includeInIndex = 0; path = "队列组.app"; sourceTree = BUILT_PRODUCTS_DIR; };
		B8A885B127FED2EC00D78644 /* AppDelegate.h */ = {isa = PBXFileReference; lastKnownFileType = sourcecode.c.h; path = AppDelegate.h; sourceTree = "<group>"; };
		B8A885B227FED2EC00D78644 /* AppDelegate.m */ = {isa = PBXFileReference; lastKnownFileType = sourcecode.c.objc; path = AppDelegate.m; sourceTree = "<group>"; };
		B8A885B427FED2EC00D78644 /* SceneDelegate.h */ = {isa = PBXFileReference; lastKnownFileType = sourcecode.c.h; path = SceneDelegate.h; sourceTree = "<group>"; };
		B8A885B527FED2EC00D78644 /* SceneDelegate.m */ = {isa = PBXFileReference; lastKnownFileType = sourcecode.c.objc; path = SceneDelegate.m; sourceTree = "<group>"; };
		B8A885B727FED2EC00D78644 /* ViewController.h */ = {isa = PBXFileReference; lastKnownFileType = sourcecode.c.h; path = ViewController.h; sourceTree = "<group>"; };
		B8A885B827FED2EC00D78644 /* ViewController.m */ = {isa = PBXFileReference; lastKnownFileType = sourcecode.c.objc; path = ViewController.m; sourceTree = "<group>"; };
		B8A885BB27FED2EC00D78644 /* Base */ = {isa = PBXFileReference; lastKnownFileType = file.storyboard; name = Base; path = Base.lproj/Main.storyboard; sourceTree = "<group>"; };
		B8A885BD27FED2F200D78644 /* Assets.xcassets */ = {isa = PBXFileReference; lastKnownFileType = folder.assetcatalog; path = Assets.xcassets; sourceTree = "<group>"; };
		B8A885C027FED2F200D78644 /* Base */ = {isa = PBXFileReference; lastKnownFileType = file.storyboard; name = Base; path = Base.lproj/LaunchScreen.storyboard; sourceTree = "<group>"; };
		B8A885C227FED2F200D78644 /* Info.plist */ = {isa = PBXFileReference; lastKnownFileType = text.plist.xml; path = Info.plist; sourceTree = "<group>"; };
		B8A885C327FED2F200D78644 /* main.m */ = {isa = PBXFileReference; lastKnownFileType = sourcecode.c.objc; path = main.m; sourceTree = "<group>"; };
		B8A885C927FED2F300D78644 /* 队列组Tests.xctest */ = {isa = PBXFileReference; explicitFileType = wrapper.cfbundle; includeInIndex = 0; path = "队列组Tests.xctest"; sourceTree = BUILT_PRODUCTS_DIR; };
		B8A885CD27FED2F300D78644 /* ___Tests.m */ = {isa = PBXFileReference; lastKnownFileType = sourcecode.c.objc; path = "___Tests.m"; sourceTree = "<group>"; };
		B8A885D327FED2F300D78644 /* 队列组UITests.xctest */ = {isa = PBXFileReference; explicitFileType = wrapper.cfbundle; includeInIndex = 0; path = "队列组UITests.xctest"; sourceTree = BUILT_PRODUCTS_DIR; };
		B8A885D727FED2F300D78644 /* ___UITests.m */ = {isa = PBXFileReference; lastKnownFileType = sourcecode.c.objc; path = "___UITests.m"; sourceTree = "<group>"; };
		B8A885D927FED2F300D78644 /* ___UITestsLaunchTests.m */ = {isa = PBXFileReference; lastKnownFileType = sourcecode.c.objc; path = "___UITestsLaunchTests.m"; sourceTree = "<group>"; };
/* End PBXFileReference section */

/* Begin PBXFrameworksBuildPhase section */
		B8A885AB27FED2EC00D78644 /* Frameworks */ = {
			isa = PBXFrameworksBuildPhase;
			buildActionMask = 2147483647;
			files = (
			);
			runOnlyForDeploymentPostprocessing = 0;
		};
		B8A885C627FED2F300D78644 /* Frameworks */ = {
			isa = PBXFrameworksBuildPhase;
			buildActionMask = 2147483647;
			files = (
			);
			runOnlyForDeploymentPostprocessing = 0;
		};
		B8A885D027FED2F300D78644 /* Frameworks */ = {
			isa = PBXFrameworksBuildPhase;
			buildActionMask = 2147483647;
			files = (
			);
			runOnlyForDeploymentPostprocessing = 0;
		};
/* End PBXFrameworksBuildPhase section */

/* Begin PBXGroup section */
		B8A885A527FED2EC00D78644 = {
			isa = PBXGroup;
			children = (
				B8A885B027FED2EC00D78644 /* 队列组 */,
				B8A885CC27FED2F300D78644 /* 队列组Tests */,
				B8A885D627FED2F300D78644 /* 队列组UITests */,
				B8A885AF27FED2EC00D78644 /* Products */,
			);
			sourceTree = "<group>";
		};
		B8A885AF27FED2EC00D78644 /* Products */ = {
			isa = PBXGroup;
			children = (
				B8A885AE27FED2EC00D78644 /* 队列组.app */,
				B8A885C927FED2F300D78644 /* 队列组Tests.xctest */,
				B8A885D327FED2F300D78644 /* 队列组UITests.xctest */,
			);
			name = Products;
			sourceTree = "<group>";
		};
		B8A885B027FED2EC00D78644 /* 队列组 */ = {
			isa = PBXGroup;
			children = (
				B8A885B127FED2EC00D78644 /* AppDelegate.h */,
				B8A885B227FED2EC00D78644 /* AppDelegate.m */,
				B8A885B427FED2EC00D78644 /* SceneDelegate.h */,
				B8A885B527FED2EC00D78644 /* SceneDelegate.m */,
				B8A885B727FED2EC00D78644 /* ViewController.h */,
				B8A885B827FED2EC00D78644 /* ViewController.m */,
				B8A885BA27FED2EC00D78644 /* Main.storyboard */,
				B8A885BD27FED2F200D78644 /* Assets.xcassets */,
				B8A885BF27FED2F200D78644 /* LaunchScreen.storyboard */,
				B8A885C227FED2F200D78644 /* Info.plist */,
				B8A885C327FED2F200D78644 /* main.m */,
			);
			path = "队列组";
			sourceTree = "<group>";
		};
		B8A885CC27FED2F300D78644 /* 队列组Tests */ = {
			isa = PBXGroup;
			children = (
				B8A885CD27FED2F300D78644 /* ___Tests.m */,
			);
			path = "队列组Tests";
			sourceTree = "<group>";
		};
		B8A885D627FED2F300D78644 /* 队列组UITests */ = {
			isa = PBXGroup;
			children = (
				B8A885D727FED2F300D78644 /* ___UITests.m */,
				B8A885D927FED2F300D78644 /* ___UITestsLaunchTests.m */,
			);
			path = "队列组UITests";
			sourceTree = "<group>";
		};
/* End PBXGroup section */

/* Begin PBXNativeTarget section */
		B8A885AD27FED2EC00D78644 /* 队列组 */ = {
			isa = PBXNativeTarget;
			buildConfigurationList = B8A885DD27FED2F300D78644 /* Build configuration list for PBXNativeTarget "队列组" */;
			buildPhases = (
				B8A885AA27FED2EC00D78644 /* Sources */,
				B8A885AB27FED2EC00D78644 /* Frameworks */,
				B8A885AC27FED2EC00D78644 /* Resources */,
			);
			buildRules = (
			);
			dependencies = (
			);
			name = "队列组";
			productName = "队列组";
			productReference = B8A885AE27FED2EC00D78644 /* 队列组.app */;
			productType = "com.apple.product-type.application";
		};
		B8A885C827FED2F300D78644 /* 队列组Tests */ = {
			isa = PBXNativeTarget;
			buildConfigurationList = B8A885E027FED2F300D78644 /* Build configuration list for PBXNativeTarget "队列组Tests" */;
			buildPhases = (
				B8A885C527FED2F300D78644 /* Sources */,
				B8A885C627FED2F300D78644 /* Frameworks */,
				B8A885C727FED2F300D78644 /* Resources */,
			);
			buildRules = (
			);
			dependencies = (
				B8A885CB27FED2F300D78644 /* PBXTargetDependency */,
			);
			name = "队列组Tests";
			productName = "队列组Tests";
			productReference = B8A885C927FED2F300D78644 /* 队列组Tests.xctest */;
			productType = "com.apple.product-type.bundle.unit-test";
		};
		B8A885D227FED2F300D78644 /* 队列组UITests */ = {
			isa = PBXNativeTarget;
			buildConfigurationList = B8A885E327FED2F300D78644 /* Build configuration list for PBXNativeTarget "队列组UITests" */;
			buildPhases = (
				B8A885CF27FED2F300D78644 /* Sources */,
				B8A885D027FED2F300D78644 /* Frameworks */,
				B8A885D127FED2F300D78644 /* Resources */,
			);
			buildRules = (
			);
			dependencies = (
				B8A885D527FED2F300D78644 /* PBXTargetDependency */,
			);
			name = "队列组UITests";
			productName = "队列组UITests";
			productReference = B8A885D327FED2F300D78644 /* 队列组UITests.xctest */;
			productType = "com.apple.product-type.bundle.ui-testing";
		};
/* End PBXNativeTarget section */

/* Begin PBXProject section */
		B8A885A627FED2EC00D78644 /* Project object */ = {
			isa = PBXProject;
			attributes = {
				BuildIndependentTargetsInParallel = 1;
				LastUpgradeCheck = 1330;
				TargetAttributes = {
					B8A885AD27FED2EC00D78644 = {
						CreatedOnToolsVersion = 13.3;
					};
					B8A885C827FED2F300D78644 = {
						CreatedOnToolsVersion = 13.3;
						TestTargetID = B8A885AD27FED2EC00D78644;
					};
					B8A885D227FED2F300D78644 = {
						CreatedOnToolsVersion = 13.3;
						TestTargetID = B8A885AD27FED2EC00D78644;
					};
				};
			};
			buildConfigurationList = B8A885A927FED2EC00D78644 /* Build configuration list for PBXProject "队列组" */;
			compatibilityVersion = "Xcode 13.0";
			developmentRegion = en;
			hasScannedForEncodings = 0;
			knownRegions = (
				en,
				Base,
			);
			mainGroup = B8A885A527FED2EC00D78644;
			productRefGroup = B8A885AF27FED2EC00D78644 /* Products */;
			projectDirPath = "";
			projectRoot = "";
			targets = (
				B8A885AD27FED2EC00D78644 /* 队列组 */,
				B8A885C827FED2F300D78644 /* 队列组Tests */,
				B8A885D227FED2F300D78644 /* 队列组UITests */,
			);
		};
/* End PBXProject section */

/* Begin PBXResourcesBuildPhase section */
		B8A885AC27FED2EC00D78644 /* Resources */ = {
			isa = PBXResourcesBuildPhase;
			buildActionMask = 2147483647;
			files = (
				B8A885C127FED2F200D78644 /* LaunchScreen.storyboard in Resources */,
				B8A885BE27FED2F200D78644 /* Assets.xcassets in Resources */,
				B8A885BC27FED2EC00D78644 /* Main.storyboard in Resources */,
			);
			runOnlyForDeploymentPostprocessing = 0;
		};
		B8A885C727FED2F300D78644 /* Resources */ = {
			isa = PBXResourcesBuildPhase;
			buildActionMask = 2147483647;
			files = (
			);
			runOnlyForDeploymentPostprocessing = 0;
		};
		B8A885D127FED2F300D78644 /* Resources */ = {
			isa = PBXResourcesBuildPhase;
			buildActionMask = 2147483647;
			files = (
			);
			runOnlyForDeploymentPostprocessing = 0;
		};
/* End PBXResourcesBuildPhase section */

/* Begin PBXSourcesBuildPhase section */
		B8A885AA27FED2EC00D78644 /* Sources */ = {
			isa = PBXSourcesBuildPhase;
			buildActionMask = 2147483647;
			files = (
				B8A885B927FED2EC00D78644 /* ViewController.m in Sources */,
				B8A885B327FED2EC00D78644 /* AppDelegate.m in Sources */,
				B8A885C427FED2F200D78644 /* main.m in Sources */,
				B8A885B627FED2EC00D78644 /* SceneDelegate.m in Sources */,
			);
			runOnlyForDeploymentPostprocessing = 0;
		};
		B8A885C527FED2F300D78644 /* Sources */ = {
			isa = PBXSourcesBuildPhase;
			buildActionMask = 2147483647;
			files = (
				B8A885CE27FED2F300D78644 /* ___Tests.m in Sources */,
			);
			runOnlyForDeploymentPostprocessing = 0;
		};
		B8A885CF27FED2F300D78644 /* Sources */ = {
			isa = PBXSourcesBuildPhase;
			buildActionMask = 2147483647;
			files = (
				B8A885DA27FED2F300D78644 /* ___UITestsLaunchTests.m in Sources */,
				B8A885D827FED2F300D78644 /* ___UITests.m in Sources */,
			);
			runOnlyForDeploymentPostprocessing = 0;
		};
/* End PBXSourcesBuildPhase section */

/* Begin PBXTargetDependency section */
		B8A885CB27FED2F300D78644 /* PBXTargetDependency */ = {
			isa = PBXTargetDependency;
			target = B8A885AD27FED2EC00D78644 /* 队列组 */;
			targetProxy = B8A885CA27FED2F300D78644 /* PBXContainerItemProxy */;
		};
		B8A885D527FED2F300D78644 /* PBXTargetDependency */ = {
			isa = PBXTargetDependency;
			target = B8A885AD27FED2EC00D78644 /* 队列组 */;
			targetProxy = B8A885D427FED2F300D78644 /* PBXContainerItemProxy */;
		};
/* End PBXTargetDependency section */

/* Begin PBXVariantGroup section */
		B8A885BA27FED2EC00D78644 /* Main.storyboard */ = {
			isa = PBXVariantGroup;
			children = (
				B8A885BB27FED2EC00D78644 /* Base */,
			);
			name = Main.storyboard;
			sourceTree = "<group>";
		};
		B8A885BF27FED2F200D78644 /* LaunchScreen.storyboard */ = {
			isa = PBXVariantGroup;
			children = (
				B8A885C027FED2F200D78644 /* Base */,
			);
			name = LaunchScreen.storyboard;
			sourceTree = "<group>";
		};
/* End PBXVariantGroup section */

/* Begin XCBuildConfiguration section */
		B8A885DB27FED2F300D78644 /* Debug */ = {
			isa = XCBuildConfiguration;
			buildSettings = {
				ALWAYS_SEARCH_USER_PATHS = NO;
				CLANG_ANALYZER_NONNULL = YES;
				CLANG_ANALYZER_NUMBER_OBJECT_CONVERSION = YES_AGGRESSIVE;
				CLANG_CXX_LANGUAGE_STANDARD = "gnu++17";
				CLANG_ENABLE_MODULES = YES;
				CLANG_ENABLE_OBJC_ARC = YES;
				CLANG_ENABLE_OBJC_WEAK = YES;
				CLANG_WARN_BLOCK_CAPTURE_AUTORELEASING = YES;
				CLANG_WARN_BOOL_CONVERSION = YES;
				CLANG_WARN_COMMA = YES;
				CLANG_WARN_CONSTANT_CONVERSION = YES;
				CLANG_WARN_DEPRECATED_OBJC_IMPLEMENTATIONS = YES;
				CLANG_WARN_DIRECT_OBJC_ISA_USAGE = YES_ERROR;
				CLANG_WARN_DOCUMENTATION_COMMENTS = YES;
				CLANG_WARN_EMPTY_BODY = YES;
				CLANG_WARN_ENUM_CONVERSION = YES;
				CLANG_WARN_INFINITE_RECURSION = YES;
				CLANG_WARN_INT_CONVERSION = YES;
				CLANG_WARN_NON_LITERAL_NULL_CONVERSION = YES;
				CLANG_WARN_OBJC_IMPLICIT_RETAIN_SELF = YES;
				CLANG_WARN_OBJC_LITERAL_CONVERSION = YES;
				CLANG_WARN_OBJC_ROOT_CLASS = YES_ERROR;
				CLANG_WARN_QUOTED_INCLUDE_IN_FRAMEWORK_HEADER = YES;
				CLANG_WARN_RANGE_LOOP_ANALYSIS = YES;
				CLANG_WARN_STRICT_PROTOTYPES = YES;
				CLANG_WARN_SUSPICIOUS_MOVE = YES;
				CLANG_WARN_UNGUARDED_AVAILABILITY = YES_AGGRESSIVE;
				CLANG_WARN_UNREACHABLE_CODE = YES;
				CLANG_WARN__DUPLICATE_METHOD_MATCH = YES;
				COPY_PHASE_STRIP = NO;
				DEBUG_INFORMATION_FORMAT = dwarf;
				ENABLE_STRICT_OBJC_MSGSEND = YES;
				ENABLE_TESTABILITY = YES;
				GCC_C_LANGUAGE_STANDARD = gnu11;
				GCC_DYNAMIC_NO_PIC = NO;
				GCC_NO_COMMON_BLOCKS = YES;
				GCC_OPTIMIZATION_LEVEL = 0;
				GCC_PREPROCESSOR_DEFINITIONS = (
					"DEBUG=1",
					"$(inherited)",
				);
				GCC_WARN_64_TO_32_BIT_CONVERSION = YES;
				GCC_WARN_ABOUT_RETURN_TYPE = YES_ERROR;
				GCC_WARN_UNDECLARED_SELECTOR = YES;
				GCC_WARN_UNINITIALIZED_AUTOS = YES_AGGRESSIVE;
				GCC_WARN_UNUSED_FUNCTION = YES;
				GCC_WARN_UNUSED_VARIABLE = YES;
				IPHONEOS_DEPLOYMENT_TARGET = 15.4;
				MTL_ENABLE_DEBUG_INFO = INCLUDE_SOURCE;
				MTL_FAST_MATH = YES;
				ONLY_ACTIVE_ARCH = YES;
				SDKROOT = iphoneos;
			};
			name = Debug;
		};
		B8A885DC27FED2F300D78644 /* Release */ = {
			isa = XCBuildConfiguration;
			buildSettings = {
				ALWAYS_SEARCH_USER_PATHS = NO;
				CLANG_ANALYZER_NONNULL = YES;
				CLANG_ANALYZER_NUMBER_OBJECT_CONVERSION = YES_AGGRESSIVE;
				CLANG_CXX_LANGUAGE_STANDARD = "gnu++17";
				CLANG_ENABLE_MODULES = YES;
				CLANG_ENABLE_OBJC_ARC = YES;
				CLANG_ENABLE_OBJC_WEAK = YES;
				CLANG_WARN_BLOCK_CAPTURE_AUTORELEASING = YES;
				CLANG_WARN_BOOL_CONVERSION = YES;
				CLANG_WARN_COMMA = YES;
				CLANG_WARN_CONSTANT_CONVERSION = YES;
				CLANG_WARN_DEPRECATED_OBJC_IMPLEMENTATIONS = YES;
				CLANG_WARN_DIRECT_OBJC_ISA_USAGE = YES_ERROR;
				CLANG_WARN_DOCUMENTATION_COMMENTS = YES;
				CLANG_WARN_EMPTY_BODY = YES;
				CLANG_WARN_ENUM_CONVERSION = YES;
				CLANG_WARN_INFINITE_RECURSION = YES;
				CLANG_WARN_INT_CONVERSION = YES;
				CLANG_WARN_NON_LITERAL_NULL_CONVERSION = YES;
				CLANG_WARN_OBJC_IMPLICIT_RETAIN_SELF = YES;
				CLANG_WARN_OBJC_LITERAL_CONVERSION = YES;
				CLANG_WARN_OBJC_ROOT_CLASS = YES_ERROR;
				CLANG_WARN_QUOTED_INCLUDE_IN_FRAMEWORK_HEADER = YES;
				CLANG_WARN_RANGE_LOOP_ANALYSIS = YES;
				CLANG_WARN_STRICT_PROTOTYPES = YES;
				CLANG_WARN_SUSPICIOUS_MOVE = YES;
				CLANG_WARN_UNGUARDED_AVAILABILITY = YES_AGGRESSIVE;
				CLANG_WARN_UNREACHABLE_CODE = YES;
				CLANG_WARN__DUPLICATE_METHOD_MATCH = YES;
				COPY_PHASE_STRIP = NO;
				DEBUG_INFORMATION_FORMAT = "dwarf-with-dsym";
				ENABLE_NS_ASSERTIONS = NO;
				ENABLE_STRICT_OBJC_MSGSEND = YES;
				GCC_C_LANGUAGE_STANDARD = gnu11;
				GCC_NO_COMMON_BLOCKS = YES;
				GCC_WARN_64_TO_32_BIT_CONVERSION = YES;
				GCC_WARN_ABOUT_RETURN_TYPE = YES_ERROR;
				GCC_WARN_UNDECLARED_SELECTOR = YES;
				GCC_WARN_UNINITIALIZED_AUTOS = YES_AGGRESSIVE;
				GCC_WARN_UNUSED_FUNCTION = YES;
				GCC_WARN_UNUSED_VARIABLE = YES;
				IPHONEOS_DEPLOYMENT_TARGET = 15.4;
				MTL_ENABLE_DEBUG_INFO = NO;
				MTL_FAST_MATH = YES;
				SDKROOT = iphoneos;
				VALIDATE_PRODUCT = YES;
			};
			name = Release;
		};
		B8A885DE27FED2F300D78644 /* Debug */ = {
			isa = XCBuildConfiguration;
			buildSettings = {
				ASSETCATALOG_COMPILER_APPICON_NAME = AppIcon;
				ASSETCATALOG_COMPILER_GLOBAL_ACCENT_COLOR_NAME = AccentColor;
				CODE_SIGN_STYLE = Automatic;
				CURRENT_PROJECT_VERSION = 1;
				DEVELOPMENT_TEAM = 92469DFD6U;
				GENERATE_INFOPLIST_FILE = YES;
				INFOPLIST_FILE = "队列组/Info.plist";
				INFOPLIST_KEY_UIApplicationSupportsIndirectInputEvents = YES;
				INFOPLIST_KEY_UILaunchStoryboardName = LaunchScreen;
				INFOPLIST_KEY_UIMainStoryboardFile = Main;
				INFOPLIST_KEY_UISupportedInterfaceOrientations_iPad = "UIInterfaceOrientationPortrait UIInterfaceOrientationPortraitUpsideDown UIInterfaceOrientationLandscapeLeft UIInterfaceOrientationLandscapeRight";
				INFOPLIST_KEY_UISupportedInterfaceOrientations_iPhone = "UIInterfaceOrientationPortrait UIInterfaceOrientationLandscapeLeft UIInterfaceOrientationLandscapeRight";
				LD_RUNPATH_SEARCH_PATHS = (
					"$(inherited)",
					"@executable_path/Frameworks",
				);
				MARKETING_VERSION = 1.0;
				PRODUCT_BUNDLE_IDENTIFIER = "khfdkhvihvkshvksh.---";
				PRODUCT_NAME = "$(TARGET_NAME)";
				SWIFT_EMIT_LOC_STRINGS = YES;
				TARGETED_DEVICE_FAMILY = "1,2";
			};
			name = Debug;
		};
		B8A885DF27FED2F300D78644 /* Release */ = {
			isa = XCBuildConfiguration;
			buildSettings = {
				ASSETCATALOG_COMPILER_APPICON_NAME = AppIcon;
				ASSETCATALOG_COMPILER_GLOBAL_ACCENT_COLOR_NAME = AccentColor;
				CODE_SIGN_STYLE = Automatic;
				CURRENT_PROJECT_VERSION = 1;
				DEVELOPMENT_TEAM = 92469DFD6U;
				GENERATE_INFOPLIST_FILE = YES;
				INFOPLIST_FILE = "队列组/Info.plist";
				INFOPLIST_KEY_UIApplicationSupportsIndirectInputEvents = YES;
				INFOPLIST_KEY_UILaunchStoryboardName = LaunchScreen;
				INFOPLIST_KEY_UIMainStoryboardFile = Main;
				INFOPLIST_KEY_UISupportedInterfaceOrientations_iPad = "UIInterfaceOrientationPortrait UIInterfaceOrientationPortraitUpsideDown UIInterfaceOrientationLandscapeLeft UIInterfaceOrientationLandscapeRight";
				INFOPLIST_KEY_UISupportedInterfaceOrientations_iPhone = "UIInterfaceOrientationPortrait UIInterfaceOrientationLandscapeLeft UIInterfaceOrientationLandscapeRight";
				LD_RUNPATH_SEARCH_PATHS = (
					"$(inherited)",
					"@executable_path/Frameworks",
				);
				MARKETING_VERSION = 1.0;
				PRODUCT_BUNDLE_IDENTIFIER = "khfdkhvihvkshvksh.---";
				PRODUCT_NAME = "$(TARGET_NAME)";
				SWIFT_EMIT_LOC_STRINGS = YES;
				TARGETED_DEVICE_FAMILY = "1,2";
			};
			name = Release;
		};
		B8A885E127FED2F300D78644 /* Debug */ = {
			isa = XCBuildConfiguration;
			buildSettings = {
				BUNDLE_LOADER = "$(TEST_HOST)";
				CODE_SIGN_STYLE = Automatic;
				CURRENT_PROJECT_VERSION = 1;
				DEVELOPMENT_TEAM = 92469DFD6U;
				GENERATE_INFOPLIST_FILE = YES;
				IPHONEOS_DEPLOYMENT_TARGET = 15.4;
				MARKETING_VERSION = 1.0;
				PRODUCT_BUNDLE_IDENTIFIER = "khfdkhvihvkshvksh.---Tests";
				PRODUCT_NAME = "$(TARGET_NAME)";
				SWIFT_EMIT_LOC_STRINGS = NO;
				TARGETED_DEVICE_FAMILY = "1,2";
				TEST_HOST = "$(BUILT_PRODUCTS_DIR)/队列组.app/队列组";
			};
			name = Debug;
		};
		B8A885E227FED2F300D78644 /* Release */ = {
			isa = XCBuildConfiguration;
			buildSettings = {
				BUNDLE_LOADER = "$(TEST_HOST)";
				CODE_SIGN_STYLE = Automatic;
				CURRENT_PROJECT_VERSION = 1;
				DEVELOPMENT_TEAM = 92469DFD6U;
				GENERATE_INFOPLIST_FILE = YES;
				IPHONEOS_DEPLOYMENT_TARGET = 15.4;
				MARKETING_VERSION = 1.0;
				PRODUCT_BUNDLE_IDENTIFIER = "khfdkhvihvkshvksh.---Tests";
				PRODUCT_NAME = "$(TARGET_NAME)";
				SWIFT_EMIT_LOC_STRINGS = NO;
				TARGETED_DEVICE_FAMILY = "1,2";
				TEST_HOST = "$(BUILT_PRODUCTS_DIR)/队列组.app/队列组";
			};
			name = Release;
		};
		B8A885E427FED2F300D78644 /* Debug */ = {
			isa = XCBuildConfiguration;
			buildSettings = {
				CODE_SIGN_STYLE = Automatic;
				CURRENT_PROJECT_VERSION = 1;
				DEVELOPMENT_TEAM = 92469DFD6U;
				GENERATE_INFOPLIST_FILE = YES;
				MARKETING_VERSION = 1.0;
				PRODUCT_BUNDLE_IDENTIFIER = "khfdkhvihvkshvksh.---UITests";
				PRODUCT_NAME = "$(TARGET_NAME)";
				SWIFT_EMIT_LOC_STRINGS = NO;
				TARGETED_DEVICE_FAMILY = "1,2";
				TEST_TARGET_NAME = "队列组";
			};
			name = Debug;
		};
		B8A885E527FED2F300D78644 /* Release */ = {
			isa = XCBuildConfiguration;
			buildSettings = {
				CODE_SIGN_STYLE = Automatic;
				CURRENT_PROJECT_VERSION = 1;
				DEVELOPMENT_TEAM = 92469DFD6U;
				GENERATE_INFOPLIST_FILE = YES;
				MARKETING_VERSION = 1.0;
				PRODUCT_BUNDLE_IDENTIFIER = "khfdkhvihvkshvksh.---UITests";
				PRODUCT_NAME = "$(TARGET_NAME)";
				SWIFT_EMIT_LOC_STRINGS = NO;
				TARGETED_DEVICE_FAMILY = "1,2";
				TEST_TARGET_NAME = "队列组";
			};
			name = Release;
		};
/* End XCBuildConfiguration section */

/* Begin XCConfigurationList section */
		B8A885A927FED2EC00D78644 /* Build configuration list for PBXProject "队列组" */ = {
			isa = XCConfigurationList;
			buildConfigurations = (
				B8A885DB27FED2F300D78644 /* Debug */,
				B8A885DC27FED2F300D78644 /* Release */,
			);
			defaultConfigurationIsVisible = 0;
			defaultConfigurationName = Release;
		};
		B8A885DD27FED2F300D78644 /* Build configuration list for PBXNativeTarget "队列组" */ = {
			isa = XCConfigurationList;
			buildConfigurations = (
				B8A885DE27FED2F300D78644 /* Debug */,
				B8A885DF27FED2F300D78644 /* Release */,
			);
			defaultConfigurationIsVisible = 0;
			defaultConfigurationName = Release;
		};
		B8A885E027FED2F300D78644 /* Build configuration list for PBXNativeTarget "队列组Tests" */ = {
			isa = XCConfigurationList;
			buildConfigurations = (
				B8A885E127FED2F300D78644 /* Debug */,
				B8A885E227FED2F300D78644 /* Release */,
			);
			defaultConfigurationIsVisible = 0;
			defaultConfigurationName = Release;
		};
		B8A885E327FED2F300D78644 /* Build configuration list for PBXNativeTarget "队列组UITests" */ = {
			isa = XCConfigurationList;
			buildConfigurations = (
				B8A885E427FED2F300D78644 /* Debug */,
				B8A885E527FED2F300D78644 /* Release */,
			);
			defaultConfigurationIsVisible = 0;
			defaultConfigurationName = Release;
		};
/* End XCConfigurationList section */
	};
	rootObject = B8A885A627FED2EC00D78644 /* Project object */;
}
