// !$*UTF8*$!
{
	archiveVersion = 1;
	classes = {
	};
	objectVersion = 55;
	objects = {

/* Begin PBXBuildFile section */
		B8A8856F27FEC7E500D78644 /* AppDelegate.m in Sources */ = {isa = PBXBuildFile; fileRef = B8A8856E27FEC7E500D78644 /* AppDelegate.m */; };
		B8A8857227FEC7E500D78644 /* SceneDelegate.m in Sources */ = {isa = PBXBuildFile; fileRef = B8A8857127FEC7E500D78644 /* SceneDelegate.m */; };
		B8A8857527FEC7E500D78644 /* ViewController.m in Sources */ = {isa = PBXBuildFile; fileRef = B8A8857427FEC7E500D78644 /* ViewController.m */; };
		B8A8857827FEC7E500D78644 /* Main.storyboard in Resources */ = {isa = PBXBuildFile; fileRef = B8A8857627FEC7E500D78644 /* Main.storyboard */; };
		B8A8857A27FEC7E600D78644 /* Assets.xcassets in Resources */ = {isa = PBXBuildFile; fileRef = B8A8857927FEC7E600D78644 /* Assets.xcassets */; };
		B8A8857D27FEC7E600D78644 /* LaunchScreen.storyboard in Resources */ = {isa = PBXBuildFile; fileRef = B8A8857B27FEC7E600D78644 /* LaunchScreen.storyboard */; };
		B8A8858027FEC7E600D78644 /* main.m in Sources */ = {isa = PBXBuildFile; fileRef = B8A8857F27FEC7E600D78644 /* main.m */; };
		B8A8858A27FEC7E700D78644 /* dispatch_onceTests.m in Sources */ = {isa = PBXBuildFile; fileRef = B8A8858927FEC7E700D78644 /* dispatch_onceTests.m */; };
		B8A8859427FEC7E700D78644 /* dispatch_onceUITests.m in Sources */ = {isa = PBXBuildFile; fileRef = B8A8859327FEC7E700D78644 /* dispatch_onceUITests.m */; };
		B8A8859627FEC7E700D78644 /* dispatch_onceUITestsLaunchTests.m in Sources */ = {isa = PBXBuildFile; fileRef = B8A8859527FEC7E700D78644 /* dispatch_onceUITestsLaunchTests.m */; };
		B8A885A427FECC5A00D78644 /* AppManager.m in Sources */ = {isa = PBXBuildFile; fileRef = B8A885A327FECC5A00D78644 /* AppManager.m */; };
/* End PBXBuildFile section */

/* Begin PBXContainerItemProxy section */
		B8A8858627FEC7E700D78644 /* PBXContainerItemProxy */ = {
			isa = PBXContainerItemProxy;
			containerPortal = B8A8856227FEC7E500D78644 /* Project object */;
			proxyType = 1;
			remoteGlobalIDString = B8A8856927FEC7E500D78644;
			remoteInfo = dispatch_once;
		};
		B8A8859027FEC7E700D78644 /* PBXContainerItemProxy */ = {
			isa = PBXContainerItemProxy;
			containerPortal = B8A8856227FEC7E500D78644 /* Project object */;
			proxyType = 1;
			remoteGlobalIDString = B8A8856927FEC7E500D78644;
			remoteInfo = dispatch_once;
		};
/* End PBXContainerItemProxy section */

/* Begin PBXFileReference section */
		B8A8856A27FEC7E500D78644 /* dispatch_once.app */ = {isa = PBXFileReference; explicitFileType = wrapper.application; includeInIndex = 0; path = dispatch_once.app; sourceTree = BUILT_PRODUCTS_DIR; };
		B8A8856D27FEC7E500D78644 /* AppDelegate.h */ = {isa = PBXFileReference; lastKnownFileType = sourcecode.c.h; path = AppDelegate.h; sourceTree = "<group>"; };
		B8A8856E27FEC7E500D78644 /* AppDelegate.m */ = {isa = PBXFileReference; lastKnownFileType = sourcecode.c.objc; path = AppDelegate.m; sourceTree = "<group>"; };
		B8A8857027FEC7E500D78644 /* SceneDelegate.h */ = {isa = PBXFileReference; lastKnownFileType = sourcecode.c.h; path = SceneDelegate.h; sourceTree = "<group>"; };
		B8A8857127FEC7E500D78644 /* SceneDelegate.m */ = {isa = PBXFileReference; lastKnownFileType = sourcecode.c.objc; path = SceneDelegate.m; sourceTree = "<group>"; };
		B8A8857327FEC7E500D78644 /* ViewController.h */ = {isa = PBXFileReference; lastKnownFileType = sourcecode.c.h; path = ViewController.h; sourceTree = "<group>"; };
		B8A8857427FEC7E500D78644 /* ViewController.m */ = {isa = PBXFileReference; lastKnownFileType = sourcecode.c.objc; path = ViewController.m; sourceTree = "<group>"; };
		B8A8857727FEC7E500D78644 /* Base */ = {isa = PBXFileReference; lastKnownFileType = file.storyboard; name = Base; path = Base.lproj/Main.storyboard; sourceTree = "<group>"; };
		B8A8857927FEC7E600D78644 /* Assets.xcassets */ = {isa = PBXFileReference; lastKnownFileType = folder.assetcatalog; path = Assets.xcassets; sourceTree = "<group>"; };
		B8A8857C27FEC7E600D78644 /* Base */ = {isa = PBXFileReference; lastKnownFileType = file.storyboard; name = Base; path = Base.lproj/LaunchScreen.storyboard; sourceTree = "<group>"; };
		B8A8857E27FEC7E600D78644 /* Info.plist */ = {isa = PBXFileReference; lastKnownFileType = text.plist.xml; path = Info.plist; sourceTree = "<group>"; };
		B8A8857F27FEC7E600D78644 /* main.m */ = {isa = PBXFileReference; lastKnownFileType = sourcecode.c.objc; path = main.m; sourceTree = "<group>"; };
		B8A8858527FEC7E700D78644 /* dispatch_onceTests.xctest */ = {isa = PBXFileReference; explicitFileType = wrapper.cfbundle; includeInIndex = 0; path = dispatch_onceTests.xctest; sourceTree = BUILT_PRODUCTS_DIR; };
		B8A8858927FEC7E700D78644 /* dispatch_onceTests.m */ = {isa = PBXFileReference; lastKnownFileType = sourcecode.c.objc; path = dispatch_onceTests.m; sourceTree = "<group>"; };
		B8A8858F27FEC7E700D78644 /* dispatch_onceUITests.xctest */ = {isa = PBXFileReference; explicitFileType = wrapper.cfbundle; includeInIndex = 0; path = dispatch_onceUITests.xctest; sourceTree = BUILT_PRODUCTS_DIR; };
		B8A8859327FEC7E700D78644 /* dispatch_onceUITests.m */ = {isa = PBXFileReference; lastKnownFileType = sourcecode.c.objc; path = dispatch_onceUITests.m; sourceTree = "<group>"; };
		B8A8859527FEC7E700D78644 /* dispatch_onceUITestsLaunchTests.m */ = {isa = PBXFileReference; lastKnownFileType = sourcecode.c.objc; path = dispatch_onceUITestsLaunchTests.m; sourceTree = "<group>"; };
		B8A885A227FECC5A00D78644 /* AppManager.h */ = {isa = PBXFileReference; lastKnownFileType = sourcecode.c.h; path = AppManager.h; sourceTree = "<group>"; };
		B8A885A327FECC5A00D78644 /* AppManager.m */ = {isa = PBXFileReference; lastKnownFileType = sourcecode.c.objc; path = AppManager.m; sourceTree = "<group>"; };
/* End PBXFileReference section */

/* Begin PBXFrameworksBuildPhase section */
		B8A8856727FEC7E500D78644 /* Frameworks */ = {
			isa = PBXFrameworksBuildPhase;
			buildActionMask = 2147483647;
			files = (
			);
			runOnlyForDeploymentPostprocessing = 0;
		};
		B8A8858227FEC7E700D78644 /* Frameworks */ = {
			isa = PBXFrameworksBuildPhase;
			buildActionMask = 2147483647;
			files = (
			);
			runOnlyForDeploymentPostprocessing = 0;
		};
		B8A8858C27FEC7E700D78644 /* Frameworks */ = {
			isa = PBXFrameworksBuildPhase;
			buildActionMask = 2147483647;
			files = (
			);
			runOnlyForDeploymentPostprocessing = 0;
		};
/* End PBXFrameworksBuildPhase section */

/* Begin PBXGroup section */
		B8A8856127FEC7E500D78644 = {
			isa = PBXGroup;
			children = (
				B8A8856C27FEC7E500D78644 /* dispatch_once */,
				B8A8858827FEC7E700D78644 /* dispatch_onceTests */,
				B8A8859227FEC7E700D78644 /* dispatch_onceUITests */,
				B8A8856B27FEC7E500D78644 /* Products */,
			);
			sourceTree = "<group>";
		};
		B8A8856B27FEC7E500D78644 /* Products */ = {
			isa = PBXGroup;
			children = (
				B8A8856A27FEC7E500D78644 /* dispatch_once.app */,
				B8A8858527FEC7E700D78644 /* dispatch_onceTests.xctest */,
				B8A8858F27FEC7E700D78644 /* dispatch_onceUITests.xctest */,
			);
			name = Products;
			sourceTree = "<group>";
		};
		B8A8856C27FEC7E500D78644 /* dispatch_once */ = {
			isa = PBXGroup;
			children = (
				B8A8856D27FEC7E500D78644 /* AppDelegate.h */,
				B8A8856E27FEC7E500D78644 /* AppDelegate.m */,
				B8A8857027FEC7E500D78644 /* SceneDelegate.h */,
				B8A8857127FEC7E500D78644 /* SceneDelegate.m */,
				B8A8857327FEC7E500D78644 /* ViewController.h */,
				B8A8857427FEC7E500D78644 /* ViewController.m */,
				B8A885A227FECC5A00D78644 /* AppManager.h */,
				B8A885A327FECC5A00D78644 /* AppManager.m */,
				B8A8857627FEC7E500D78644 /* Main.storyboard */,
				B8A8857927FEC7E600D78644 /* Assets.xcassets */,
				B8A8857B27FEC7E600D78644 /* LaunchScreen.storyboard */,
				B8A8857E27FEC7E600D78644 /* Info.plist */,
				B8A8857F27FEC7E600D78644 /* main.m */,
			);
			path = dispatch_once;
			sourceTree = "<group>";
		};
		B8A8858827FEC7E700D78644 /* dispatch_onceTests */ = {
			isa = PBXGroup;
			children = (
				B8A8858927FEC7E700D78644 /* dispatch_onceTests.m */,
			);
			path = dispatch_onceTests;
			sourceTree = "<group>";
		};
		B8A8859227FEC7E700D78644 /* dispatch_onceUITests */ = {
			isa = PBXGroup;
			children = (
				B8A8859327FEC7E700D78644 /* dispatch_onceUITests.m */,
				B8A8859527FEC7E700D78644 /* dispatch_onceUITestsLaunchTests.m */,
			);
			path = dispatch_onceUITests;
			sourceTree = "<group>";
		};
/* End PBXGroup section */

/* Begin PBXNativeTarget section */
		B8A8856927FEC7E500D78644 /* dispatch_once */ = {
			isa = PBXNativeTarget;
			buildConfigurationList = B8A8859927FEC7E700D78644 /* Build configuration list for PBXNativeTarget "dispatch_once" */;
			buildPhases = (
				B8A8856627FEC7E500D78644 /* Sources */,
				B8A8856727FEC7E500D78644 /* Frameworks */,
				B8A8856827FEC7E500D78644 /* Resources */,
			);
			buildRules = (
			);
			dependencies = (
			);
			name = dispatch_once;
			productName = dispatch_once;
			productReference = B8A8856A27FEC7E500D78644 /* dispatch_once.app */;
			productType = "com.apple.product-type.application";
		};
		B8A8858427FEC7E700D78644 /* dispatch_onceTests */ = {
			isa = PBXNativeTarget;
			buildConfigurationList = B8A8859C27FEC7E700D78644 /* Build configuration list for PBXNativeTarget "dispatch_onceTests" */;
			buildPhases = (
				B8A8858127FEC7E700D78644 /* Sources */,
				B8A8858227FEC7E700D78644 /* Frameworks */,
				B8A8858327FEC7E700D78644 /* Resources */,
			);
			buildRules = (
			);
			dependencies = (
				B8A8858727FEC7E700D78644 /* PBXTargetDependency */,
			);
			name = dispatch_onceTests;
			productName = dispatch_onceTests;
			productReference = B8A8858527FEC7E700D78644 /* dispatch_onceTests.xctest */;
			productType = "com.apple.product-type.bundle.unit-test";
		};
		B8A8858E27FEC7E700D78644 /* dispatch_onceUITests */ = {
			isa = PBXNativeTarget;
			buildConfigurationList = B8A8859F27FEC7E700D78644 /* Build configuration list for PBXNativeTarget "dispatch_onceUITests" */;
			buildPhases = (
				B8A8858B27FEC7E700D78644 /* Sources */,
				B8A8858C27FEC7E700D78644 /* Frameworks */,
				B8A8858D27FEC7E700D78644 /* Resources */,
			);
			buildRules = (
			);
			dependencies = (
				B8A8859127FEC7E700D78644 /* PBXTargetDependency */,
			);
			name = dispatch_onceUITests;
			productName = dispatch_onceUITests;
			productReference = B8A8858F27FEC7E700D78644 /* dispatch_onceUITests.xctest */;
			productType = "com.apple.product-type.bundle.ui-testing";
		};
/* End PBXNativeTarget section */

/* Begin PBXProject section */
		B8A8856227FEC7E500D78644 /* Project object */ = {
			isa = PBXProject;
			attributes = {
				BuildIndependentTargetsInParallel = 1;
				LastUpgradeCheck = 1330;
				TargetAttributes = {
					B8A8856927FEC7E500D78644 = {
						CreatedOnToolsVersion = 13.3;
					};
					B8A8858427FEC7E700D78644 = {
						CreatedOnToolsVersion = 13.3;
						TestTargetID = B8A8856927FEC7E500D78644;
					};
					B8A8858E27FEC7E700D78644 = {
						CreatedOnToolsVersion = 13.3;
						TestTargetID = B8A8856927FEC7E500D78644;
					};
				};
			};
			buildConfigurationList = B8A8856527FEC7E500D78644 /* Build configuration list for PBXProject "dispatch_once" */;
			compatibilityVersion = "Xcode 13.0";
			developmentRegion = en;
			hasScannedForEncodings = 0;
			knownRegions = (
				en,
				Base,
			);
			mainGroup = B8A8856127FEC7E500D78644;
			productRefGroup = B8A8856B27FEC7E500D78644 /* Products */;
			projectDirPath = "";
			projectRoot = "";
			targets = (
				B8A8856927FEC7E500D78644 /* dispatch_once */,
				B8A8858427FEC7E700D78644 /* dispatch_onceTests */,
				B8A8858E27FEC7E700D78644 /* dispatch_onceUITests */,
			);
		};
/* End PBXProject section */

/* Begin PBXResourcesBuildPhase section */
		B8A8856827FEC7E500D78644 /* Resources */ = {
			isa = PBXResourcesBuildPhase;
			buildActionMask = 2147483647;
			files = (
				B8A8857D27FEC7E600D78644 /* LaunchScreen.storyboard in Resources */,
				B8A8857A27FEC7E600D78644 /* Assets.xcassets in Resources */,
				B8A8857827FEC7E500D78644 /* Main.storyboard in Resources */,
			);
			runOnlyForDeploymentPostprocessing = 0;
		};
		B8A8858327FEC7E700D78644 /* Resources */ = {
			isa = PBXResourcesBuildPhase;
			buildActionMask = 2147483647;
			files = (
			);
			runOnlyForDeploymentPostprocessing = 0;
		};
		B8A8858D27FEC7E700D78644 /* Resources */ = {
			isa = PBXResourcesBuildPhase;
			buildActionMask = 2147483647;
			files = (
			);
			runOnlyForDeploymentPostprocessing = 0;
		};
/* End PBXResourcesBuildPhase section */

/* Begin PBXSourcesBuildPhase section */
		B8A8856627FEC7E500D78644 /* Sources */ = {
			isa = PBXSourcesBuildPhase;
			buildActionMask = 2147483647;
			files = (
				B8A8857527FEC7E500D78644 /* ViewController.m in Sources */,
				B8A8856F27FEC7E500D78644 /* AppDelegate.m in Sources */,
				B8A8858027FEC7E600D78644 /* main.m in Sources */,
				B8A8857227FEC7E500D78644 /* SceneDelegate.m in Sources */,
				B8A885A427FECC5A00D78644 /* AppManager.m in Sources */,
			);
			runOnlyForDeploymentPostprocessing = 0;
		};
		B8A8858127FEC7E700D78644 /* Sources */ = {
			isa = PBXSourcesBuildPhase;
			buildActionMask = 2147483647;
			files = (
				B8A8858A27FEC7E700D78644 /* dispatch_onceTests.m in Sources */,
			);
			runOnlyForDeploymentPostprocessing = 0;
		};
		B8A8858B27FEC7E700D78644 /* Sources */ = {
			isa = PBXSourcesBuildPhase;
			buildActionMask = 2147483647;
			files = (
				B8A8859427FEC7E700D78644 /* dispatch_onceUITests.m in Sources */,
				B8A8859627FEC7E700D78644 /* dispatch_onceUITestsLaunchTests.m in Sources */,
			);
			runOnlyForDeploymentPostprocessing = 0;
		};
/* End PBXSourcesBuildPhase section */

/* Begin PBXTargetDependency section */
		B8A8858727FEC7E700D78644 /* PBXTargetDependency */ = {
			isa = PBXTargetDependency;
			target = B8A8856927FEC7E500D78644 /* dispatch_once */;
			targetProxy = B8A8858627FEC7E700D78644 /* PBXContainerItemProxy */;
		};
		B8A8859127FEC7E700D78644 /* PBXTargetDependency */ = {
			isa = PBXTargetDependency;
			target = B8A8856927FEC7E500D78644 /* dispatch_once */;
			targetProxy = B8A8859027FEC7E700D78644 /* PBXContainerItemProxy */;
		};
/* End PBXTargetDependency section */

/* Begin PBXVariantGroup section */
		B8A8857627FEC7E500D78644 /* Main.storyboard */ = {
			isa = PBXVariantGroup;
			children = (
				B8A8857727FEC7E500D78644 /* Base */,
			);
			name = Main.storyboard;
			sourceTree = "<group>";
		};
		B8A8857B27FEC7E600D78644 /* LaunchScreen.storyboard */ = {
			isa = PBXVariantGroup;
			children = (
				B8A8857C27FEC7E600D78644 /* Base */,
			);
			name = LaunchScreen.storyboard;
			sourceTree = "<group>";
		};
/* End PBXVariantGroup section */

/* Begin XCBuildConfiguration section */
		B8A8859727FEC7E700D78644 /* Debug */ = {
			isa = XCBuildConfiguration;
			buildSettings = {
				ALWAYS_SEARCH_USER_PATHS = NO;
				CLANG_ANALYZER_NONNULL = YES;
				CLANG_ANALYZER_NUMBER_OBJECT_CONVERSION = YES_AGGRESSIVE;
				CLANG_CXX_LANGUAGE_STANDARD = "gnu++17";
				CLANG_ENABLE_MODULES = YES;
				CLANG_ENABLE_OBJC_ARC = YES;
				CLANG_ENABLE_OBJC_WEAK = YES;
				CLANG_WARN_BLOCK_CAPTURE_AUTORELEASING = YES;
				CLANG_WARN_BOOL_CONVERSION = YES;
				CLANG_WARN_COMMA = YES;
				CLANG_WARN_CONSTANT_CONVERSION = YES;
				CLANG_WARN_DEPRECATED_OBJC_IMPLEMENTATIONS = YES;
				CLANG_WARN_DIRECT_OBJC_ISA_USAGE = YES_ERROR;
				CLANG_WARN_DOCUMENTATION_COMMENTS = YES;
				CLANG_WARN_EMPTY_BODY = YES;
				CLANG_WARN_ENUM_CONVERSION = YES;
				CLANG_WARN_INFINITE_RECURSION = YES;
				CLANG_WARN_INT_CONVERSION = YES;
				CLANG_WARN_NON_LITERAL_NULL_CONVERSION = YES;
				CLANG_WARN_OBJC_IMPLICIT_RETAIN_SELF = YES;
				CLANG_WARN_OBJC_LITERAL_CONVERSION = YES;
				CLANG_WARN_OBJC_ROOT_CLASS = YES_ERROR;
				CLANG_WARN_QUOTED_INCLUDE_IN_FRAMEWORK_HEADER = YES;
				CLANG_WARN_RANGE_LOOP_ANALYSIS = YES;
				CLANG_WARN_STRICT_PROTOTYPES = YES;
				CLANG_WARN_SUSPICIOUS_MOVE = YES;
				CLANG_WARN_UNGUARDED_AVAILABILITY = YES_AGGRESSIVE;
				CLANG_WARN_UNREACHABLE_CODE = YES;
				CLANG_WARN__DUPLICATE_METHOD_MATCH = YES;
				COPY_PHASE_STRIP = NO;
				DEBUG_INFORMATION_FORMAT = dwarf;
				ENABLE_STRICT_OBJC_MSGSEND = YES;
				ENABLE_TESTABILITY = YES;
				GCC_C_LANGUAGE_STANDARD = gnu11;
				GCC_DYNAMIC_NO_PIC = NO;
				GCC_NO_COMMON_BLOCKS = YES;
				GCC_OPTIMIZATION_LEVEL = 0;
				GCC_PREPROCESSOR_DEFINITIONS = (
					"DEBUG=1",
					"$(inherited)",
				);
				GCC_WARN_64_TO_32_BIT_CONVERSION = YES;
				GCC_WARN_ABOUT_RETURN_TYPE = YES_ERROR;
				GCC_WARN_UNDECLARED_SELECTOR = YES;
				GCC_WARN_UNINITIALIZED_AUTOS = YES_AGGRESSIVE;
				GCC_WARN_UNUSED_FUNCTION = YES;
				GCC_WARN_UNUSED_VARIABLE = YES;
				IPHONEOS_DEPLOYMENT_TARGET = 15.4;
				MTL_ENABLE_DEBUG_INFO = INCLUDE_SOURCE;
				MTL_FAST_MATH = YES;
				ONLY_ACTIVE_ARCH = YES;
				SDKROOT = iphoneos;
			};
			name = Debug;
		};
		B8A8859827FEC7E700D78644 /* Release */ = {
			isa = XCBuildConfiguration;
			buildSettings = {
				ALWAYS_SEARCH_USER_PATHS = NO;
				CLANG_ANALYZER_NONNULL = YES;
				CLANG_ANALYZER_NUMBER_OBJECT_CONVERSION = YES_AGGRESSIVE;
				CLANG_CXX_LANGUAGE_STANDARD = "gnu++17";
				CLANG_ENABLE_MODULES = YES;
				CLANG_ENABLE_OBJC_ARC = YES;
				CLANG_ENABLE_OBJC_WEAK = YES;
				CLANG_WARN_BLOCK_CAPTURE_AUTORELEASING = YES;
				CLANG_WARN_BOOL_CONVERSION = YES;
				CLANG_WARN_COMMA = YES;
				CLANG_WARN_CONSTANT_CONVERSION = YES;
				CLANG_WARN_DEPRECATED_OBJC_IMPLEMENTATIONS = YES;
				CLANG_WARN_DIRECT_OBJC_ISA_USAGE = YES_ERROR;
				CLANG_WARN_DOCUMENTATION_COMMENTS = YES;
				CLANG_WARN_EMPTY_BODY = YES;
				CLANG_WARN_ENUM_CONVERSION = YES;
				CLANG_WARN_INFINITE_RECURSION = YES;
				CLANG_WARN_INT_CONVERSION = YES;
				CLANG_WARN_NON_LITERAL_NULL_CONVERSION = YES;
				CLANG_WARN_OBJC_IMPLICIT_RETAIN_SELF = YES;
				CLANG_WARN_OBJC_LITERAL_CONVERSION = YES;
				CLANG_WARN_OBJC_ROOT_CLASS = YES_ERROR;
				CLANG_WARN_QUOTED_INCLUDE_IN_FRAMEWORK_HEADER = YES;
				CLANG_WARN_RANGE_LOOP_ANALYSIS = YES;
				CLANG_WARN_STRICT_PROTOTYPES = YES;
				CLANG_WARN_SUSPICIOUS_MOVE = YES;
				CLANG_WARN_UNGUARDED_AVAILABILITY = YES_AGGRESSIVE;
				CLANG_WARN_UNREACHABLE_CODE = YES;
				CLANG_WARN__DUPLICATE_METHOD_MATCH = YES;
				COPY_PHASE_STRIP = NO;
				DEBUG_INFORMATION_FORMAT = "dwarf-with-dsym";
				ENABLE_NS_ASSERTIONS = NO;
				ENABLE_STRICT_OBJC_MSGSEND = YES;
				GCC_C_LANGUAGE_STANDARD = gnu11;
				GCC_NO_COMMON_BLOCKS = YES;
				GCC_WARN_64_TO_32_BIT_CONVERSION = YES;
				GCC_WARN_ABOUT_RETURN_TYPE = YES_ERROR;
				GCC_WARN_UNDECLARED_SELECTOR = YES;
				GCC_WARN_UNINITIALIZED_AUTOS = YES_AGGRESSIVE;
				GCC_WARN_UNUSED_FUNCTION = YES;
				GCC_WARN_UNUSED_VARIABLE = YES;
				IPHONEOS_DEPLOYMENT_TARGET = 15.4;
				MTL_ENABLE_DEBUG_INFO = NO;
				MTL_FAST_MATH = YES;
				SDKROOT = iphoneos;
				VALIDATE_PRODUCT = YES;
			};
			name = Release;
		};
		B8A8859A27FEC7E700D78644 /* Debug */ = {
			isa = XCBuildConfiguration;
			buildSettings = {
				ASSETCATALOG_COMPILER_APPICON_NAME = AppIcon;
				ASSETCATALOG_COMPILER_GLOBAL_ACCENT_COLOR_NAME = AccentColor;
				CODE_SIGN_STYLE = Automatic;
				CURRENT_PROJECT_VERSION = 1;
				DEVELOPMENT_TEAM = 92469DFD6U;
				GENERATE_INFOPLIST_FILE = YES;
				INFOPLIST_FILE = dispatch_once/Info.plist;
				INFOPLIST_KEY_UIApplicationSupportsIndirectInputEvents = YES;
				INFOPLIST_KEY_UILaunchStoryboardName = LaunchScreen;
				INFOPLIST_KEY_UIMainStoryboardFile = Main;
				INFOPLIST_KEY_UISupportedInterfaceOrientations_iPad = "UIInterfaceOrientationPortrait UIInterfaceOrientationPortraitUpsideDown UIInterfaceOrientationLandscapeLeft UIInterfaceOrientationLandscapeRight";
				INFOPLIST_KEY_UISupportedInterfaceOrientations_iPhone = "UIInterfaceOrientationPortrait UIInterfaceOrientationLandscapeLeft UIInterfaceOrientationLandscapeRight";
				LD_RUNPATH_SEARCH_PATHS = (
					"$(inherited)",
					"@executable_path/Frameworks",
				);
				MARKETING_VERSION = 1.0;
				PRODUCT_BUNDLE_IDENTIFIER = "khfdkhvihvkshvksh.dispatch-once";
				PRODUCT_NAME = "$(TARGET_NAME)";
				SWIFT_EMIT_LOC_STRINGS = YES;
				TARGETED_DEVICE_FAMILY = "1,2";
			};
			name = Debug;
		};
		B8A8859B27FEC7E700D78644 /* Release */ = {
			isa = XCBuildConfiguration;
			buildSettings = {
				ASSETCATALOG_COMPILER_APPICON_NAME = AppIcon;
				ASSETCATALOG_COMPILER_GLOBAL_ACCENT_COLOR_NAME = AccentColor;
				CODE_SIGN_STYLE = Automatic;
				CURRENT_PROJECT_VERSION = 1;
				DEVELOPMENT_TEAM = 92469DFD6U;
				GENERATE_INFOPLIST_FILE = YES;
				INFOPLIST_FILE = dispatch_once/Info.plist;
				INFOPLIST_KEY_UIApplicationSupportsIndirectInputEvents = YES;
				INFOPLIST_KEY_UILaunchStoryboardName = LaunchScreen;
				INFOPLIST_KEY_UIMainStoryboardFile = Main;
				INFOPLIST_KEY_UISupportedInterfaceOrientations_iPad = "UIInterfaceOrientationPortrait UIInterfaceOrientationPortraitUpsideDown UIInterfaceOrientationLandscapeLeft UIInterfaceOrientationLandscapeRight";
				INFOPLIST_KEY_UISupportedInterfaceOrientations_iPhone = "UIInterfaceOrientationPortrait UIInterfaceOrientationLandscapeLeft UIInterfaceOrientationLandscapeRight";
				LD_RUNPATH_SEARCH_PATHS = (
					"$(inherited)",
					"@executable_path/Frameworks",
				);
				MARKETING_VERSION = 1.0;
				PRODUCT_BUNDLE_IDENTIFIER = "khfdkhvihvkshvksh.dispatch-once";
				PRODUCT_NAME = "$(TARGET_NAME)";
				SWIFT_EMIT_LOC_STRINGS = YES;
				TARGETED_DEVICE_FAMILY = "1,2";
			};
			name = Release;
		};
		B8A8859D27FEC7E700D78644 /* Debug */ = {
			isa = XCBuildConfiguration;
			buildSettings = {
				BUNDLE_LOADER = "$(TEST_HOST)";
				CODE_SIGN_STYLE = Automatic;
				CURRENT_PROJECT_VERSION = 1;
				DEVELOPMENT_TEAM = 92469DFD6U;
				GENERATE_INFOPLIST_FILE = YES;
				IPHONEOS_DEPLOYMENT_TARGET = 15.4;
				MARKETING_VERSION = 1.0;
				PRODUCT_BUNDLE_IDENTIFIER = "khfdkhvihvkshvksh.dispatch-onceTests";
				PRODUCT_NAME = "$(TARGET_NAME)";
				SWIFT_EMIT_LOC_STRINGS = NO;
				TARGETED_DEVICE_FAMILY = "1,2";
				TEST_HOST = "$(BUILT_PRODUCTS_DIR)/dispatch_once.app/dispatch_once";
			};
			name = Debug;
		};
		B8A8859E27FEC7E700D78644 /* Release */ = {
			isa = XCBuildConfiguration;
			buildSettings = {
				BUNDLE_LOADER = "$(TEST_HOST)";
				CODE_SIGN_STYLE = Automatic;
				CURRENT_PROJECT_VERSION = 1;
				DEVELOPMENT_TEAM = 92469DFD6U;
				GENERATE_INFOPLIST_FILE = YES;
				IPHONEOS_DEPLOYMENT_TARGET = 15.4;
				MARKETING_VERSION = 1.0;
				PRODUCT_BUNDLE_IDENTIFIER = "khfdkhvihvkshvksh.dispatch-onceTests";
				PRODUCT_NAME = "$(TARGET_NAME)";
				SWIFT_EMIT_LOC_STRINGS = NO;
				TARGETED_DEVICE_FAMILY = "1,2";
				TEST_HOST = "$(BUILT_PRODUCTS_DIR)/dispatch_once.app/dispatch_once";
			};
			name = Release;
		};
		B8A885A027FEC7E700D78644 /* Debug */ = {
			isa = XCBuildConfiguration;
			buildSettings = {
				CODE_SIGN_STYLE = Automatic;
				CURRENT_PROJECT_VERSION = 1;
				DEVELOPMENT_TEAM = 92469DFD6U;
				GENERATE_INFOPLIST_FILE = YES;
				MARKETING_VERSION = 1.0;
				PRODUCT_BUNDLE_IDENTIFIER = "khfdkhvihvkshvksh.dispatch-onceUITests";
				PRODUCT_NAME = "$(TARGET_NAME)";
				SWIFT_EMIT_LOC_STRINGS = NO;
				TARGETED_DEVICE_FAMILY = "1,2";
				TEST_TARGET_NAME = dispatch_once;
			};
			name = Debug;
		};
		B8A885A127FEC7E700D78644 /* Release */ = {
			isa = XCBuildConfiguration;
			buildSettings = {
				CODE_SIGN_STYLE = Automatic;
				CURRENT_PROJECT_VERSION = 1;
				DEVELOPMENT_TEAM = 92469DFD6U;
				GENERATE_INFOPLIST_FILE = YES;
				MARKETING_VERSION = 1.0;
				PRODUCT_BUNDLE_IDENTIFIER = "khfdkhvihvkshvksh.dispatch-onceUITests";
				PRODUCT_NAME = "$(TARGET_NAME)";
				SWIFT_EMIT_LOC_STRINGS = NO;
				TARGETED_DEVICE_FAMILY = "1,2";
				TEST_TARGET_NAME = dispatch_once;
			};
			name = Release;
		};
/* End XCBuildConfiguration section */

/* Begin XCConfigurationList section */
		B8A8856527FEC7E500D78644 /* Build configuration list for PBXProject "dispatch_once" */ = {
			isa = XCConfigurationList;
			buildConfigurations = (
				B8A8859727FEC7E700D78644 /* Debug */,
				B8A8859827FEC7E700D78644 /* Release */,
			);
			defaultConfigurationIsVisible = 0;
			defaultConfigurationName = Release;
		};
		B8A8859927FEC7E700D78644 /* Build configuration list for PBXNativeTarget "dispatch_once" */ = {
			isa = XCConfigurationList;
			buildConfigurations = (
				B8A8859A27FEC7E700D78644 /* Debug */,
				B8A8859B27FEC7E700D78644 /* Release */,
			);
			defaultConfigurationIsVisible = 0;
			defaultConfigurationName = Release;
		};
		B8A8859C27FEC7E700D78644 /* Build configuration list for PBXNativeTarget "dispatch_onceTests" */ = {
			isa = XCConfigurationList;
			buildConfigurations = (
				B8A8859D27FEC7E700D78644 /* Debug */,
				B8A8859E27FEC7E700D78644 /* Release */,
			);
			defaultConfigurationIsVisible = 0;
			defaultConfigurationName = Release;
		};
		B8A8859F27FEC7E700D78644 /* Build configuration list for PBXNativeTarget "dispatch_onceUITests" */ = {
			isa = XCConfigurationList;
			buildConfigurations = (
				B8A885A027FEC7E700D78644 /* Debug */,
				B8A885A127FEC7E700D78644 /* Release */,
			);
			defaultConfigurationIsVisible = 0;
			defaultConfigurationName = Release;
		};
/* End XCConfigurationList section */
	};
	rootObject = B8A8856227FEC7E500D78644 /* Project object */;
}
