// !$*UTF8*$!
{
	archiveVersion = 1;
	classes = {
	};
	objectVersion = 55;
	objects = {

/* Begin PBXBuildFile section */
		B805142E27F998D600AD07C3 /* AppDelegate.m in Sources */ = {isa = PBXBuildFile; fileRef = B805142D27F998D600AD07C3 /* AppDelegate.m */; };
		B805143127F998D600AD07C3 /* SceneDelegate.m in Sources */ = {isa = PBXBuildFile; fileRef = B805143027F998D600AD07C3 /* SceneDelegate.m */; };
		B805143427F998D600AD07C3 /* ViewController.m in Sources */ = {isa = PBXBuildFile; fileRef = B805143327F998D600AD07C3 /* ViewController.m */; };
		B805143727F998D600AD07C3 /* Main.storyboard in Resources */ = {isa = PBXBuildFile; fileRef = B805143527F998D600AD07C3 /* Main.storyboard */; };
		B805143927F998D800AD07C3 /* Assets.xcassets in Resources */ = {isa = PBXBuildFile; fileRef = B805143827F998D800AD07C3 /* Assets.xcassets */; };
		B805143C27F998D800AD07C3 /* LaunchScreen.storyboard in Resources */ = {isa = PBXBuildFile; fileRef = B805143A27F998D800AD07C3 /* LaunchScreen.storyboard */; };
		B805143F27F998D800AD07C3 /* main.m in Sources */ = {isa = PBXBuildFile; fileRef = B805143E27F998D800AD07C3 /* main.m */; };
		B805144927F998D800AD07C3 /* ____Tests.m in Sources */ = {isa = PBXBuildFile; fileRef = B805144827F998D800AD07C3 /* ____Tests.m */; };
		B805145327F998D800AD07C3 /* ____UITests.m in Sources */ = {isa = PBXBuildFile; fileRef = B805145227F998D800AD07C3 /* ____UITests.m */; };
		B805145527F998D800AD07C3 /* ____UITestsLaunchTests.m in Sources */ = {isa = PBXBuildFile; fileRef = B805145427F998D800AD07C3 /* ____UITestsLaunchTests.m */; };
		B805146627F9C98000AD07C3 /* LSThread.m in Sources */ = {isa = PBXBuildFile; fileRef = B805146527F9C98000AD07C3 /* LSThread.m */; };
/* End PBXBuildFile section */

/* Begin PBXContainerItemProxy section */
		B805144527F998D800AD07C3 /* PBXContainerItemProxy */ = {
			isa = PBXContainerItemProxy;
			containerPortal = B805142127F998D600AD07C3 /* Project object */;
			proxyType = 1;
			remoteGlobalIDString = B805142827F998D600AD07C3;
			remoteInfo = "线程保活";
		};
		B805144F27F998D800AD07C3 /* PBXContainerItemProxy */ = {
			isa = PBXContainerItemProxy;
			containerPortal = B805142127F998D600AD07C3 /* Project object */;
			proxyType = 1;
			remoteGlobalIDString = B805142827F998D600AD07C3;
			remoteInfo = "线程保活";
		};
/* End PBXContainerItemProxy section */

/* Begin PBXFileReference section */
		B805142927F998D600AD07C3 /* 线程保活.app */ = {isa = PBXFileReference; explicitFileType = wrapper.application; includeInIndex = 0; path = "线程保活.app"; sourceTree = BUILT_PRODUCTS_DIR; };
		B805142C27F998D600AD07C3 /* AppDelegate.h */ = {isa = PBXFileReference; lastKnownFileType = sourcecode.c.h; path = AppDelegate.h; sourceTree = "<group>"; };
		B805142D27F998D600AD07C3 /* AppDelegate.m */ = {isa = PBXFileReference; lastKnownFileType = sourcecode.c.objc; path = AppDelegate.m; sourceTree = "<group>"; };
		B805142F27F998D600AD07C3 /* SceneDelegate.h */ = {isa = PBXFileReference; lastKnownFileType = sourcecode.c.h; path = SceneDelegate.h; sourceTree = "<group>"; };
		B805143027F998D600AD07C3 /* SceneDelegate.m */ = {isa = PBXFileReference; lastKnownFileType = sourcecode.c.objc; path = SceneDelegate.m; sourceTree = "<group>"; };
		B805143227F998D600AD07C3 /* ViewController.h */ = {isa = PBXFileReference; lastKnownFileType = sourcecode.c.h; path = ViewController.h; sourceTree = "<group>"; };
		B805143327F998D600AD07C3 /* ViewController.m */ = {isa = PBXFileReference; lastKnownFileType = sourcecode.c.objc; path = ViewController.m; sourceTree = "<group>"; };
		B805143627F998D600AD07C3 /* Base */ = {isa = PBXFileReference; lastKnownFileType = file.storyboard; name = Base; path = Base.lproj/Main.storyboard; sourceTree = "<group>"; };
		B805143827F998D800AD07C3 /* Assets.xcassets */ = {isa = PBXFileReference; lastKnownFileType = folder.assetcatalog; path = Assets.xcassets; sourceTree = "<group>"; };
		B805143B27F998D800AD07C3 /* Base */ = {isa = PBXFileReference; lastKnownFileType = file.storyboard; name = Base; path = Base.lproj/LaunchScreen.storyboard; sourceTree = "<group>"; };
		B805143D27F998D800AD07C3 /* Info.plist */ = {isa = PBXFileReference; lastKnownFileType = text.plist.xml; path = Info.plist; sourceTree = "<group>"; };
		B805143E27F998D800AD07C3 /* main.m */ = {isa = PBXFileReference; lastKnownFileType = sourcecode.c.objc; path = main.m; sourceTree = "<group>"; };
		B805144427F998D800AD07C3 /* 线程保活Tests.xctest */ = {isa = PBXFileReference; explicitFileType = wrapper.cfbundle; includeInIndex = 0; path = "线程保活Tests.xctest"; sourceTree = BUILT_PRODUCTS_DIR; };
		B805144827F998D800AD07C3 /* ____Tests.m */ = {isa = PBXFileReference; lastKnownFileType = sourcecode.c.objc; path = "____Tests.m"; sourceTree = "<group>"; };
		B805144E27F998D800AD07C3 /* 线程保活UITests.xctest */ = {isa = PBXFileReference; explicitFileType = wrapper.cfbundle; includeInIndex = 0; path = "线程保活UITests.xctest"; sourceTree = BUILT_PRODUCTS_DIR; };
		B805145227F998D800AD07C3 /* ____UITests.m */ = {isa = PBXFileReference; lastKnownFileType = sourcecode.c.objc; path = "____UITests.m"; sourceTree = "<group>"; };
		B805145427F998D800AD07C3 /* ____UITestsLaunchTests.m */ = {isa = PBXFileReference; lastKnownFileType = sourcecode.c.objc; path = "____UITestsLaunchTests.m"; sourceTree = "<group>"; };
		B805146427F9C98000AD07C3 /* LSThread.h */ = {isa = PBXFileReference; lastKnownFileType = sourcecode.c.h; path = LSThread.h; sourceTree = "<group>"; };
		B805146527F9C98000AD07C3 /* LSThread.m */ = {isa = PBXFileReference; lastKnownFileType = sourcecode.c.objc; path = LSThread.m; sourceTree = "<group>"; };
/* End PBXFileReference section */

/* Begin PBXFrameworksBuildPhase section */
		B805142627F998D600AD07C3 /* Frameworks */ = {
			isa = PBXFrameworksBuildPhase;
			buildActionMask = 2147483647;
			files = (
			);
			runOnlyForDeploymentPostprocessing = 0;
		};
		B805144127F998D800AD07C3 /* Frameworks */ = {
			isa = PBXFrameworksBuildPhase;
			buildActionMask = 2147483647;
			files = (
			);
			runOnlyForDeploymentPostprocessing = 0;
		};
		B805144B27F998D800AD07C3 /* Frameworks */ = {
			isa = PBXFrameworksBuildPhase;
			buildActionMask = 2147483647;
			files = (
			);
			runOnlyForDeploymentPostprocessing = 0;
		};
/* End PBXFrameworksBuildPhase section */

/* Begin PBXGroup section */
		B805142027F998D600AD07C3 = {
			isa = PBXGroup;
			children = (
				B805142B27F998D600AD07C3 /* 线程保活 */,
				B805144727F998D800AD07C3 /* 线程保活Tests */,
				B805145127F998D800AD07C3 /* 线程保活UITests */,
				B805142A27F998D600AD07C3 /* Products */,
			);
			sourceTree = "<group>";
		};
		B805142A27F998D600AD07C3 /* Products */ = {
			isa = PBXGroup;
			children = (
				B805142927F998D600AD07C3 /* 线程保活.app */,
				B805144427F998D800AD07C3 /* 线程保活Tests.xctest */,
				B805144E27F998D800AD07C3 /* 线程保活UITests.xctest */,
			);
			name = Products;
			sourceTree = "<group>";
		};
		B805142B27F998D600AD07C3 /* 线程保活 */ = {
			isa = PBXGroup;
			children = (
				B805142C27F998D600AD07C3 /* AppDelegate.h */,
				B805142D27F998D600AD07C3 /* AppDelegate.m */,
				B805142F27F998D600AD07C3 /* SceneDelegate.h */,
				B805143027F998D600AD07C3 /* SceneDelegate.m */,
				B805143227F998D600AD07C3 /* ViewController.h */,
				B805143327F998D600AD07C3 /* ViewController.m */,
				B805146427F9C98000AD07C3 /* LSThread.h */,
				B805146527F9C98000AD07C3 /* LSThread.m */,
				B805143527F998D600AD07C3 /* Main.storyboard */,
				B805143827F998D800AD07C3 /* Assets.xcassets */,
				B805143A27F998D800AD07C3 /* LaunchScreen.storyboard */,
				B805143D27F998D800AD07C3 /* Info.plist */,
				B805143E27F998D800AD07C3 /* main.m */,
			);
			path = "线程保活";
			sourceTree = "<group>";
		};
		B805144727F998D800AD07C3 /* 线程保活Tests */ = {
			isa = PBXGroup;
			children = (
				B805144827F998D800AD07C3 /* ____Tests.m */,
			);
			path = "线程保活Tests";
			sourceTree = "<group>";
		};
		B805145127F998D800AD07C3 /* 线程保活UITests */ = {
			isa = PBXGroup;
			children = (
				B805145227F998D800AD07C3 /* ____UITests.m */,
				B805145427F998D800AD07C3 /* ____UITestsLaunchTests.m */,
			);
			path = "线程保活UITests";
			sourceTree = "<group>";
		};
/* End PBXGroup section */

/* Begin PBXNativeTarget section */
		B805142827F998D600AD07C3 /* 线程保活 */ = {
			isa = PBXNativeTarget;
			buildConfigurationList = B805145827F998D800AD07C3 /* Build configuration list for PBXNativeTarget "线程保活" */;
			buildPhases = (
				B805142527F998D600AD07C3 /* Sources */,
				B805142627F998D600AD07C3 /* Frameworks */,
				B805142727F998D600AD07C3 /* Resources */,
			);
			buildRules = (
			);
			dependencies = (
			);
			name = "线程保活";
			productName = "线程保活";
			productReference = B805142927F998D600AD07C3 /* 线程保活.app */;
			productType = "com.apple.product-type.application";
		};
		B805144327F998D800AD07C3 /* 线程保活Tests */ = {
			isa = PBXNativeTarget;
			buildConfigurationList = B805145B27F998D800AD07C3 /* Build configuration list for PBXNativeTarget "线程保活Tests" */;
			buildPhases = (
				B805144027F998D800AD07C3 /* Sources */,
				B805144127F998D800AD07C3 /* Frameworks */,
				B805144227F998D800AD07C3 /* Resources */,
			);
			buildRules = (
			);
			dependencies = (
				B805144627F998D800AD07C3 /* PBXTargetDependency */,
			);
			name = "线程保活Tests";
			productName = "线程保活Tests";
			productReference = B805144427F998D800AD07C3 /* 线程保活Tests.xctest */;
			productType = "com.apple.product-type.bundle.unit-test";
		};
		B805144D27F998D800AD07C3 /* 线程保活UITests */ = {
			isa = PBXNativeTarget;
			buildConfigurationList = B805145E27F998D800AD07C3 /* Build configuration list for PBXNativeTarget "线程保活UITests" */;
			buildPhases = (
				B805144A27F998D800AD07C3 /* Sources */,
				B805144B27F998D800AD07C3 /* Frameworks */,
				B805144C27F998D800AD07C3 /* Resources */,
			);
			buildRules = (
			);
			dependencies = (
				B805145027F998D800AD07C3 /* PBXTargetDependency */,
			);
			name = "线程保活UITests";
			productName = "线程保活UITests";
			productReference = B805144E27F998D800AD07C3 /* 线程保活UITests.xctest */;
			productType = "com.apple.product-type.bundle.ui-testing";
		};
/* End PBXNativeTarget section */

/* Begin PBXProject section */
		B805142127F998D600AD07C3 /* Project object */ = {
			isa = PBXProject;
			attributes = {
				BuildIndependentTargetsInParallel = 1;
				LastUpgradeCheck = 1330;
				TargetAttributes = {
					B805142827F998D600AD07C3 = {
						CreatedOnToolsVersion = 13.3;
					};
					B805144327F998D800AD07C3 = {
						CreatedOnToolsVersion = 13.3;
						TestTargetID = B805142827F998D600AD07C3;
					};
					B805144D27F998D800AD07C3 = {
						CreatedOnToolsVersion = 13.3;
						TestTargetID = B805142827F998D600AD07C3;
					};
				};
			};
			buildConfigurationList = B805142427F998D600AD07C3 /* Build configuration list for PBXProject "线程保活" */;
			compatibilityVersion = "Xcode 13.0";
			developmentRegion = en;
			hasScannedForEncodings = 0;
			knownRegions = (
				en,
				Base,
			);
			mainGroup = B805142027F998D600AD07C3;
			productRefGroup = B805142A27F998D600AD07C3 /* Products */;
			projectDirPath = "";
			projectRoot = "";
			targets = (
				B805142827F998D600AD07C3 /* 线程保活 */,
				B805144327F998D800AD07C3 /* 线程保活Tests */,
				B805144D27F998D800AD07C3 /* 线程保活UITests */,
			);
		};
/* End PBXProject section */

/* Begin PBXResourcesBuildPhase section */
		B805142727F998D600AD07C3 /* Resources */ = {
			isa = PBXResourcesBuildPhase;
			buildActionMask = 2147483647;
			files = (
				B805143C27F998D800AD07C3 /* LaunchScreen.storyboard in Resources */,
				B805143927F998D800AD07C3 /* Assets.xcassets in Resources */,
				B805143727F998D600AD07C3 /* Main.storyboard in Resources */,
			);
			runOnlyForDeploymentPostprocessing = 0;
		};
		B805144227F998D800AD07C3 /* Resources */ = {
			isa = PBXResourcesBuildPhase;
			buildActionMask = 2147483647;
			files = (
			);
			runOnlyForDeploymentPostprocessing = 0;
		};
		B805144C27F998D800AD07C3 /* Resources */ = {
			isa = PBXResourcesBuildPhase;
			buildActionMask = 2147483647;
			files = (
			);
			runOnlyForDeploymentPostprocessing = 0;
		};
/* End PBXResourcesBuildPhase section */

/* Begin PBXSourcesBuildPhase section */
		B805142527F998D600AD07C3 /* Sources */ = {
			isa = PBXSourcesBuildPhase;
			buildActionMask = 2147483647;
			files = (
				B805146627F9C98000AD07C3 /* LSThread.m in Sources */,
				B805143427F998D600AD07C3 /* ViewController.m in Sources */,
				B805142E27F998D600AD07C3 /* AppDelegate.m in Sources */,
				B805143F27F998D800AD07C3 /* main.m in Sources */,
				B805143127F998D600AD07C3 /* SceneDelegate.m in Sources */,
			);
			runOnlyForDeploymentPostprocessing = 0;
		};
		B805144027F998D800AD07C3 /* Sources */ = {
			isa = PBXSourcesBuildPhase;
			buildActionMask = 2147483647;
			files = (
				B805144927F998D800AD07C3 /* ____Tests.m in Sources */,
			);
			runOnlyForDeploymentPostprocessing = 0;
		};
		B805144A27F998D800AD07C3 /* Sources */ = {
			isa = PBXSourcesBuildPhase;
			buildActionMask = 2147483647;
			files = (
				B805145527F998D800AD07C3 /* ____UITestsLaunchTests.m in Sources */,
				B805145327F998D800AD07C3 /* ____UITests.m in Sources */,
			);
			runOnlyForDeploymentPostprocessing = 0;
		};
/* End PBXSourcesBuildPhase section */

/* Begin PBXTargetDependency section */
		B805144627F998D800AD07C3 /* PBXTargetDependency */ = {
			isa = PBXTargetDependency;
			target = B805142827F998D600AD07C3 /* 线程保活 */;
			targetProxy = B805144527F998D800AD07C3 /* PBXContainerItemProxy */;
		};
		B805145027F998D800AD07C3 /* PBXTargetDependency */ = {
			isa = PBXTargetDependency;
			target = B805142827F998D600AD07C3 /* 线程保活 */;
			targetProxy = B805144F27F998D800AD07C3 /* PBXContainerItemProxy */;
		};
/* End PBXTargetDependency section */

/* Begin PBXVariantGroup section */
		B805143527F998D600AD07C3 /* Main.storyboard */ = {
			isa = PBXVariantGroup;
			children = (
				B805143627F998D600AD07C3 /* Base */,
			);
			name = Main.storyboard;
			sourceTree = "<group>";
		};
		B805143A27F998D800AD07C3 /* LaunchScreen.storyboard */ = {
			isa = PBXVariantGroup;
			children = (
				B805143B27F998D800AD07C3 /* Base */,
			);
			name = LaunchScreen.storyboard;
			sourceTree = "<group>";
		};
/* End PBXVariantGroup section */

/* Begin XCBuildConfiguration section */
		B805145627F998D800AD07C3 /* Debug */ = {
			isa = XCBuildConfiguration;
			buildSettings = {
				ALWAYS_SEARCH_USER_PATHS = NO;
				CLANG_ANALYZER_NONNULL = YES;
				CLANG_ANALYZER_NUMBER_OBJECT_CONVERSION = YES_AGGRESSIVE;
				CLANG_CXX_LANGUAGE_STANDARD = "gnu++17";
				CLANG_ENABLE_MODULES = YES;
				CLANG_ENABLE_OBJC_ARC = YES;
				CLANG_ENABLE_OBJC_WEAK = YES;
				CLANG_WARN_BLOCK_CAPTURE_AUTORELEASING = YES;
				CLANG_WARN_BOOL_CONVERSION = YES;
				CLANG_WARN_COMMA = YES;
				CLANG_WARN_CONSTANT_CONVERSION = YES;
				CLANG_WARN_DEPRECATED_OBJC_IMPLEMENTATIONS = YES;
				CLANG_WARN_DIRECT_OBJC_ISA_USAGE = YES_ERROR;
				CLANG_WARN_DOCUMENTATION_COMMENTS = YES;
				CLANG_WARN_EMPTY_BODY = YES;
				CLANG_WARN_ENUM_CONVERSION = YES;
				CLANG_WARN_INFINITE_RECURSION = YES;
				CLANG_WARN_INT_CONVERSION = YES;
				CLANG_WARN_NON_LITERAL_NULL_CONVERSION = YES;
				CLANG_WARN_OBJC_IMPLICIT_RETAIN_SELF = YES;
				CLANG_WARN_OBJC_LITERAL_CONVERSION = YES;
				CLANG_WARN_OBJC_ROOT_CLASS = YES_ERROR;
				CLANG_WARN_QUOTED_INCLUDE_IN_FRAMEWORK_HEADER = YES;
				CLANG_WARN_RANGE_LOOP_ANALYSIS = YES;
				CLANG_WARN_STRICT_PROTOTYPES = YES;
				CLANG_WARN_SUSPICIOUS_MOVE = YES;
				CLANG_WARN_UNGUARDED_AVAILABILITY = YES_AGGRESSIVE;
				CLANG_WARN_UNREACHABLE_CODE = YES;
				CLANG_WARN__DUPLICATE_METHOD_MATCH = YES;
				COPY_PHASE_STRIP = NO;
				DEBUG_INFORMATION_FORMAT = dwarf;
				ENABLE_STRICT_OBJC_MSGSEND = YES;
				ENABLE_TESTABILITY = YES;
				GCC_C_LANGUAGE_STANDARD = gnu11;
				GCC_DYNAMIC_NO_PIC = NO;
				GCC_NO_COMMON_BLOCKS = YES;
				GCC_OPTIMIZATION_LEVEL = 0;
				GCC_PREPROCESSOR_DEFINITIONS = (
					"DEBUG=1",
					"$(inherited)",
				);
				GCC_WARN_64_TO_32_BIT_CONVERSION = YES;
				GCC_WARN_ABOUT_RETURN_TYPE = YES_ERROR;
				GCC_WARN_UNDECLARED_SELECTOR = YES;
				GCC_WARN_UNINITIALIZED_AUTOS = YES_AGGRESSIVE;
				GCC_WARN_UNUSED_FUNCTION = YES;
				GCC_WARN_UNUSED_VARIABLE = YES;
				IPHONEOS_DEPLOYMENT_TARGET = 15.4;
				MTL_ENABLE_DEBUG_INFO = INCLUDE_SOURCE;
				MTL_FAST_MATH = YES;
				ONLY_ACTIVE_ARCH = YES;
				SDKROOT = iphoneos;
			};
			name = Debug;
		};
		B805145727F998D800AD07C3 /* Release */ = {
			isa = XCBuildConfiguration;
			buildSettings = {
				ALWAYS_SEARCH_USER_PATHS = NO;
				CLANG_ANALYZER_NONNULL = YES;
				CLANG_ANALYZER_NUMBER_OBJECT_CONVERSION = YES_AGGRESSIVE;
				CLANG_CXX_LANGUAGE_STANDARD = "gnu++17";
				CLANG_ENABLE_MODULES = YES;
				CLANG_ENABLE_OBJC_ARC = YES;
				CLANG_ENABLE_OBJC_WEAK = YES;
				CLANG_WARN_BLOCK_CAPTURE_AUTORELEASING = YES;
				CLANG_WARN_BOOL_CONVERSION = YES;
				CLANG_WARN_COMMA = YES;
				CLANG_WARN_CONSTANT_CONVERSION = YES;
				CLANG_WARN_DEPRECATED_OBJC_IMPLEMENTATIONS = YES;
				CLANG_WARN_DIRECT_OBJC_ISA_USAGE = YES_ERROR;
				CLANG_WARN_DOCUMENTATION_COMMENTS = YES;
				CLANG_WARN_EMPTY_BODY = YES;
				CLANG_WARN_ENUM_CONVERSION = YES;
				CLANG_WARN_INFINITE_RECURSION = YES;
				CLANG_WARN_INT_CONVERSION = YES;
				CLANG_WARN_NON_LITERAL_NULL_CONVERSION = YES;
				CLANG_WARN_OBJC_IMPLICIT_RETAIN_SELF = YES;
				CLANG_WARN_OBJC_LITERAL_CONVERSION = YES;
				CLANG_WARN_OBJC_ROOT_CLASS = YES_ERROR;
				CLANG_WARN_QUOTED_INCLUDE_IN_FRAMEWORK_HEADER = YES;
				CLANG_WARN_RANGE_LOOP_ANALYSIS = YES;
				CLANG_WARN_STRICT_PROTOTYPES = YES;
				CLANG_WARN_SUSPICIOUS_MOVE = YES;
				CLANG_WARN_UNGUARDED_AVAILABILITY = YES_AGGRESSIVE;
				CLANG_WARN_UNREACHABLE_CODE = YES;
				CLANG_WARN__DUPLICATE_METHOD_MATCH = YES;
				COPY_PHASE_STRIP = NO;
				DEBUG_INFORMATION_FORMAT = "dwarf-with-dsym";
				ENABLE_NS_ASSERTIONS = NO;
				ENABLE_STRICT_OBJC_MSGSEND = YES;
				GCC_C_LANGUAGE_STANDARD = gnu11;
				GCC_NO_COMMON_BLOCKS = YES;
				GCC_WARN_64_TO_32_BIT_CONVERSION = YES;
				GCC_WARN_ABOUT_RETURN_TYPE = YES_ERROR;
				GCC_WARN_UNDECLARED_SELECTOR = YES;
				GCC_WARN_UNINITIALIZED_AUTOS = YES_AGGRESSIVE;
				GCC_WARN_UNUSED_FUNCTION = YES;
				GCC_WARN_UNUSED_VARIABLE = YES;
				IPHONEOS_DEPLOYMENT_TARGET = 15.4;
				MTL_ENABLE_DEBUG_INFO = NO;
				MTL_FAST_MATH = YES;
				SDKROOT = iphoneos;
				VALIDATE_PRODUCT = YES;
			};
			name = Release;
		};
		B805145927F998D800AD07C3 /* Debug */ = {
			isa = XCBuildConfiguration;
			buildSettings = {
				ASSETCATALOG_COMPILER_APPICON_NAME = AppIcon;
				ASSETCATALOG_COMPILER_GLOBAL_ACCENT_COLOR_NAME = AccentColor;
				CODE_SIGN_STYLE = Automatic;
				CURRENT_PROJECT_VERSION = 1;
				DEVELOPMENT_TEAM = 92469DFD6U;
				GENERATE_INFOPLIST_FILE = YES;
				INFOPLIST_FILE = "线程保活/Info.plist";
				INFOPLIST_KEY_UIApplicationSupportsIndirectInputEvents = YES;
				INFOPLIST_KEY_UILaunchStoryboardName = LaunchScreen;
				INFOPLIST_KEY_UIMainStoryboardFile = Main;
				INFOPLIST_KEY_UISupportedInterfaceOrientations_iPad = "UIInterfaceOrientationPortrait UIInterfaceOrientationPortraitUpsideDown UIInterfaceOrientationLandscapeLeft UIInterfaceOrientationLandscapeRight";
				INFOPLIST_KEY_UISupportedInterfaceOrientations_iPhone = "UIInterfaceOrientationPortrait UIInterfaceOrientationLandscapeLeft UIInterfaceOrientationLandscapeRight";
				LD_RUNPATH_SEARCH_PATHS = (
					"$(inherited)",
					"@executable_path/Frameworks",
				);
				MARKETING_VERSION = 1.0;
				PRODUCT_BUNDLE_IDENTIFIER = "khfdkhvihvkshvksh.----";
				PRODUCT_NAME = "$(TARGET_NAME)";
				SWIFT_EMIT_LOC_STRINGS = YES;
				TARGETED_DEVICE_FAMILY = "1,2";
			};
			name = Debug;
		};
		B805145A27F998D800AD07C3 /* Release */ = {
			isa = XCBuildConfiguration;
			buildSettings = {
				ASSETCATALOG_COMPILER_APPICON_NAME = AppIcon;
				ASSETCATALOG_COMPILER_GLOBAL_ACCENT_COLOR_NAME = AccentColor;
				CODE_SIGN_STYLE = Automatic;
				CURRENT_PROJECT_VERSION = 1;
				DEVELOPMENT_TEAM = 92469DFD6U;
				GENERATE_INFOPLIST_FILE = YES;
				INFOPLIST_FILE = "线程保活/Info.plist";
				INFOPLIST_KEY_UIApplicationSupportsIndirectInputEvents = YES;
				INFOPLIST_KEY_UILaunchStoryboardName = LaunchScreen;
				INFOPLIST_KEY_UIMainStoryboardFile = Main;
				INFOPLIST_KEY_UISupportedInterfaceOrientations_iPad = "UIInterfaceOrientationPortrait UIInterfaceOrientationPortraitUpsideDown UIInterfaceOrientationLandscapeLeft UIInterfaceOrientationLandscapeRight";
				INFOPLIST_KEY_UISupportedInterfaceOrientations_iPhone = "UIInterfaceOrientationPortrait UIInterfaceOrientationLandscapeLeft UIInterfaceOrientationLandscapeRight";
				LD_RUNPATH_SEARCH_PATHS = (
					"$(inherited)",
					"@executable_path/Frameworks",
				);
				MARKETING_VERSION = 1.0;
				PRODUCT_BUNDLE_IDENTIFIER = "khfdkhvihvkshvksh.----";
				PRODUCT_NAME = "$(TARGET_NAME)";
				SWIFT_EMIT_LOC_STRINGS = YES;
				TARGETED_DEVICE_FAMILY = "1,2";
			};
			name = Release;
		};
		B805145C27F998D800AD07C3 /* Debug */ = {
			isa = XCBuildConfiguration;
			buildSettings = {
				BUNDLE_LOADER = "$(TEST_HOST)";
				CODE_SIGN_STYLE = Automatic;
				CURRENT_PROJECT_VERSION = 1;
				DEVELOPMENT_TEAM = 92469DFD6U;
				GENERATE_INFOPLIST_FILE = YES;
				IPHONEOS_DEPLOYMENT_TARGET = 15.4;
				MARKETING_VERSION = 1.0;
				PRODUCT_BUNDLE_IDENTIFIER = "khfdkhvihvkshvksh.----Tests";
				PRODUCT_NAME = "$(TARGET_NAME)";
				SWIFT_EMIT_LOC_STRINGS = NO;
				TARGETED_DEVICE_FAMILY = "1,2";
				TEST_HOST = "$(BUILT_PRODUCTS_DIR)/线程保活.app/线程保活";
			};
			name = Debug;
		};
		B805145D27F998D800AD07C3 /* Release */ = {
			isa = XCBuildConfiguration;
			buildSettings = {
				BUNDLE_LOADER = "$(TEST_HOST)";
				CODE_SIGN_STYLE = Automatic;
				CURRENT_PROJECT_VERSION = 1;
				DEVELOPMENT_TEAM = 92469DFD6U;
				GENERATE_INFOPLIST_FILE = YES;
				IPHONEOS_DEPLOYMENT_TARGET = 15.4;
				MARKETING_VERSION = 1.0;
				PRODUCT_BUNDLE_IDENTIFIER = "khfdkhvihvkshvksh.----Tests";
				PRODUCT_NAME = "$(TARGET_NAME)";
				SWIFT_EMIT_LOC_STRINGS = NO;
				TARGETED_DEVICE_FAMILY = "1,2";
				TEST_HOST = "$(BUILT_PRODUCTS_DIR)/线程保活.app/线程保活";
			};
			name = Release;
		};
		B805145F27F998D800AD07C3 /* Debug */ = {
			isa = XCBuildConfiguration;
			buildSettings = {
				CODE_SIGN_STYLE = Automatic;
				CURRENT_PROJECT_VERSION = 1;
				DEVELOPMENT_TEAM = 92469DFD6U;
				GENERATE_INFOPLIST_FILE = YES;
				MARKETING_VERSION = 1.0;
				PRODUCT_BUNDLE_IDENTIFIER = "khfdkhvihvkshvksh.----UITests";
				PRODUCT_NAME = "$(TARGET_NAME)";
				SWIFT_EMIT_LOC_STRINGS = NO;
				TARGETED_DEVICE_FAMILY = "1,2";
				TEST_TARGET_NAME = "线程保活";
			};
			name = Debug;
		};
		B805146027F998D800AD07C3 /* Release */ = {
			isa = XCBuildConfiguration;
			buildSettings = {
				CODE_SIGN_STYLE = Automatic;
				CURRENT_PROJECT_VERSION = 1;
				DEVELOPMENT_TEAM = 92469DFD6U;
				GENERATE_INFOPLIST_FILE = YES;
				MARKETING_VERSION = 1.0;
				PRODUCT_BUNDLE_IDENTIFIER = "khfdkhvihvkshvksh.----UITests";
				PRODUCT_NAME = "$(TARGET_NAME)";
				SWIFT_EMIT_LOC_STRINGS = NO;
				TARGETED_DEVICE_FAMILY = "1,2";
				TEST_TARGET_NAME = "线程保活";
			};
			name = Release;
		};
/* End XCBuildConfiguration section */

/* Begin XCConfigurationList section */
		B805142427F998D600AD07C3 /* Build configuration list for PBXProject "线程保活" */ = {
			isa = XCConfigurationList;
			buildConfigurations = (
				B805145627F998D800AD07C3 /* Debug */,
				B805145727F998D800AD07C3 /* Release */,
			);
			defaultConfigurationIsVisible = 0;
			defaultConfigurationName = Release;
		};
		B805145827F998D800AD07C3 /* Build configuration list for PBXNativeTarget "线程保活" */ = {
			isa = XCConfigurationList;
			buildConfigurations = (
				B805145927F998D800AD07C3 /* Debug */,
				B805145A27F998D800AD07C3 /* Release */,
			);
			defaultConfigurationIsVisible = 0;
			defaultConfigurationName = Release;
		};
		B805145B27F998D800AD07C3 /* Build configuration list for PBXNativeTarget "线程保活Tests" */ = {
			isa = XCConfigurationList;
			buildConfigurations = (
				B805145C27F998D800AD07C3 /* Debug */,
				B805145D27F998D800AD07C3 /* Release */,
			);
			defaultConfigurationIsVisible = 0;
			defaultConfigurationName = Release;
		};
		B805145E27F998D800AD07C3 /* Build configuration list for PBXNativeTarget "线程保活UITests" */ = {
			isa = XCConfigurationList;
			buildConfigurations = (
				B805145F27F998D800AD07C3 /* Debug */,
				B805146027F998D800AD07C3 /* Release */,
			);
			defaultConfigurationIsVisible = 0;
			defaultConfigurationName = Release;
		};
/* End XCConfigurationList section */
	};
	rootObject = B805142127F998D600AD07C3 /* Project object */;
}
